
Microsoft Visual Studio Solution File, Format Version 12.00
# Visual Studio Version 17
VisualStudioVersion = 17.10.35013.160
MinimumVisualStudioVersion = 10.0.40219.1
Project("{9A19103F-16F7-4668-BE54-9A1E7A4F7556}") = "CadastroClientesAPI", "CadastroClientesAPI.csproj", "{1F485C7D-A1CD-467D-947B-E74E8B22A5C7}"
EndProject
Project("{FAE04EC0-301F-11D3-BF4B-00C04F79EFBC}") = "CadastroClientesUI", "..\CadastroClientesUI\CadastroClientesUI.csproj", "{54E078CF-A22E-4DBB-965D-A90AC75213CA}"
EndProject
Global
	GlobalSection(SolutionConfigurationPlatforms) = preSolution
		Debug|Any CPU = Debug|Any CPU
		Release|Any CPU = Release|Any CPU
	EndGlobalSection
	GlobalSection(ProjectConfigurationPlatforms) = postSolution
		{1F485C7D-A1CD-467D-947B-E74E8B22A5C7}.Debug|Any CPU.ActiveCfg = Debug|Any CPU
		{1F485C7D-A1CD-467D-947B-E74E8B22A5C7}.Debug|Any CPU.Build.0 = Debug|Any CPU
		{1F485C7D-A1CD-467D-947B-E74E8B22A5C7}.Release|Any CPU.ActiveCfg = Release|Any CPU
		{1F485C7D-A1CD-467D-947B-E74E8B22A5C7}.Release|Any CPU.Build.0 = Release|Any CPU
		{54E078CF-A22E-4DBB-965D-A90AC75213CA}.Debug|Any CPU.ActiveCfg = Debug|Any CPU
		{54E078CF-A22E-4DBB-965D-A90AC75213CA}.Debug|Any CPU.Build.0 = Debug|Any CPU
		{54E078CF-A22E-4DBB-965D-A90AC75213CA}.Release|Any CPU.ActiveCfg = Release|Any CPU
		{54E078CF-A22E-4DBB-965D-A90AC75213CA}.Release|Any CPU.Build.0 = Release|Any CPU
	EndGlobalSection
	GlobalSection(SolutionProperties) = preSolution
		HideSolutionNode = FALSE
	EndGlobalSection
	GlobalSection(ExtensibilityGlobals) = postSolution
		SolutionGuid = {943DBAB4-8EF7-4CE6-A0F2-CD01907D1543}
	EndGlobalSection
EndGlobal
